
Microsoft Visual Studio Solution File, Format Version 12.00
# Visual Studio Version 16
VisualStudioVersion = 16.0.30503.244
MinimumVisualStudioVersion = 10.0.40219.1
Project("{FAE04EC0-301F-11D3-BF4B-00C04F79EFBC}") = "Hastane", "Hastane\Hastane.csproj", "{72C5601C-6314-48D9-A63C-CB7E4EA2BF48}"
EndProject
Global
	GlobalSection(SolutionConfigurationPlatforms) = preSolution
		Debug|Any CPU = Debug|Any CPU
		Release|Any CPU = Release|Any CPU
	EndGlobalSection
	GlobalSection(ProjectConfigurationPlatforms) = postSolution
		{72C5601C-6314-48D9-A63C-CB7E4EA2BF48}.Debug|Any CPU.ActiveCfg = Debug|Any CPU
		{72C5601C-6314-48D9-A63C-CB7E4EA2BF48}.Debug|Any CPU.Build.0 = Debug|Any CPU
		{72C5601C-6314-48D9-A63C-CB7E4EA2BF48}.Release|Any CPU.ActiveCfg = Release|Any CPU
		{72C5601C-6314-48D9-A63C-CB7E4EA2BF48}.Release|Any CPU.Build.0 = Release|Any CPU
	EndGlobalSection
	GlobalSection(SolutionProperties) = preSolution
		HideSolutionNode = FALSE
	EndGlobalSection
	GlobalSection(ExtensibilityGlobals) = postSolution
		SolutionGuid = {FE57B8DF-7D20-4383-B89D-2C7EDF2CDB1A}
	EndGlobalSection
EndGlobal
